// !$*UTF8*$!
{
	archiveVersion = 1;
	classes = {
	};
	objectVersion = 46;
	objects = {

/* Begin PBXBuildFile section */
		D176EFE21BAA999500B881D5 /* Random_Number.cpp in Sources */ = {isa = PBXBuildFile; fileRef = D176EFE01BAA999500B881D5 /* Random_Number.cpp */; };
		D18BBD101BAA6FAF00FC041D /* main.cpp in Sources */ = {isa = PBXBuildFile; fileRef = D18BBD0F1BAA6FAF00FC041D /* main.cpp */; };
		D18BBD181BAA710600FC041D /* rabbit.cpp in Sources */ = {isa = PBXBuildFile; fileRef = D18BBD161BAA710600FC041D /* rabbit.cpp */; };
/* End PBXBuildFile section */

/* Begin PBXCopyFilesBuildPhase section */
		D18BBD0A1BAA6FAF00FC041D /* CopyFiles */ = {
			isa = PBXCopyFilesBuildPhase;
			buildActionMask = 2147483647;
			dstPath = /usr/share/man/man1/;
			dstSubfolderSpec = 0;
			files = (
			);
			runOnlyForDeploymentPostprocessing = 1;
		};
/* End PBXCopyFilesBuildPhase section */

/* Begin PBXFileReference section */
		D176EFE01BAA999500B881D5 /* Random_Number.cpp */ = {isa = PBXFileReference; fileEncoding = 4; lastKnownFileType = sourcecode.cpp.cpp; path = Random_Number.cpp; sourceTree = "<group>"; };
		D176EFE11BAA999500B881D5 /* Random_Number.h */ = {isa = PBXFileReference; fileEncoding = 4; lastKnownFileType = sourcecode.c.h; path = Random_Number.h; sourceTree = "<group>"; };
		D18BBD0C1BAA6FAF00FC041D /* bunnis */ = {isa = PBXFileReference; explicitFileType = "compiled.mach-o.executable"; includeInIndex = 0; path = bunnis; sourceTree = BUILT_PRODUCTS_DIR; };
		D18BBD0F1BAA6FAF00FC041D /* main.cpp */ = {isa = PBXFileReference; lastKnownFileType = sourcecode.cpp.cpp; path = main.cpp; sourceTree = "<group>"; };
		D18BBD161BAA710600FC041D /* rabbit.cpp */ = {isa = PBXFileReference; fileEncoding = 4; lastKnownFileType = sourcecode.cpp.cpp; path = rabbit.cpp; sourceTree = "<group>"; };
		D18BBD171BAA710600FC041D /* rabbit.h */ = {isa = PBXFileReference; fileEncoding = 4; lastKnownFileType = sourcecode.c.h; path = rabbit.h; sourceTree = "<group>"; };
		D18BBD191BAA717D00FC041D /* rabbit_attributes.h */ = {isa = PBXFileReference; lastKnownFileType = sourcecode.c.h; path = rabbit_attributes.h; sourceTree = "<group>"; };
/* End PBXFileReference section */

/* Begin PBXFrameworksBuildPhase section */
		D18BBD091BAA6FAF00FC041D /* Frameworks */ = {
			isa = PBXFrameworksBuildPhase;
			buildActionMask = 2147483647;
			files = (
			);
			runOnlyForDeploymentPostprocessing = 0;
		};
/* End PBXFrameworksBuildPhase section */

/* Begin PBXGroup section */
		D18BBD031BAA6FAF00FC041D = {
			isa = PBXGroup;
			children = (
				D18BBD0E1BAA6FAF00FC041D /* bunnis */,
				D18BBD0D1BAA6FAF00FC041D /* Products */,
			);
			sourceTree = "<group>";
		};
		D18BBD0D1BAA6FAF00FC041D /* Products */ = {
			isa = PBXGroup;
			children = (
				D18BBD0C1BAA6FAF00FC041D /* bunnis */,
			);
			name = Products;
			sourceTree = "<group>";
		};
		D18BBD0E1BAA6FAF00FC041D /* bunnis */ = {
			isa = PBXGroup;
			children = (
				D18BBD0F1BAA6FAF00FC041D /* main.cpp */,
				D18BBD161BAA710600FC041D /* rabbit.cpp */,
				D18BBD171BAA710600FC041D /* rabbit.h */,
				D18BBD191BAA717D00FC041D /* rabbit_attributes.h */,
				D176EFE01BAA999500B881D5 /* Random_Number.cpp */,
				D176EFE11BAA999500B881D5 /* Random_Number.h */,
			);
			path = bunnis;
			sourceTree = "<group>";
		};
/* End PBXGroup section */

/* Begin PBXNativeTarget section */
		D18BBD0B1BAA6FAF00FC041D /* bunnis */ = {
			isa = PBXNativeTarget;
			buildConfigurationList = D18BBD131BAA6FAF00FC041D /* Build configuration list for PBXNativeTarget "bunnis" */;
			buildPhases = (
				D18BBD081BAA6FAF00FC041D /* Sources */,
				D18BBD091BAA6FAF00FC041D /* Frameworks */,
				D18BBD0A1BAA6FAF00FC041D /* CopyFiles */,
			);
			buildRules = (
			);
			dependencies = (
			);
			name = bunnis;
			productName = bunnis;
			productReference = D18BBD0C1BAA6FAF00FC041D /* bunnis */;
			productType = "com.apple.product-type.tool";
		};
/* End PBXNativeTarget section */

/* Begin PBXProject section */
		D18BBD041BAA6FAF00FC041D /* Project object */ = {
			isa = PBXProject;
			attributes = {
				LastUpgradeCheck = 0640;
				ORGANIZATIONNAME = Nicholas;
				TargetAttributes = {
					D18BBD0B1BAA6FAF00FC041D = {
						CreatedOnToolsVersion = 6.4;
					};
				};
			};
			buildConfigurationList = D18BBD071BAA6FAF00FC041D /* Build configuration list for PBXProject "bunnis" */;
			compatibilityVersion = "Xcode 3.2";
			developmentRegion = English;
			hasScannedForEncodings = 0;
			knownRegions = (
				en,
			);
			mainGroup = D18BBD031BAA6FAF00FC041D;
			productRefGroup = D18BBD0D1BAA6FAF00FC041D /* Products */;
			projectDirPath = "";
			projectRoot = "";
			targets = (
				D18BBD0B1BAA6FAF00FC041D /* bunnis */,
			);
		};
/* End PBXProject section */

/* Begin PBXSourcesBuildPhase section */
		D18BBD081BAA6FAF00FC041D /* Sources */ = {
			isa = PBXSourcesBuildPhase;
			buildActionMask = 2147483647;
			files = (
				D18BBD101BAA6FAF00FC041D /* main.cpp in Sources */,
				D18BBD181BAA710600FC041D /* rabbit.cpp in Sources */,
				D176EFE21BAA999500B881D5 /* Random_Number.cpp in Sources */,
			);
			runOnlyForDeploymentPostprocessing = 0;
		};
/* End PBXSourcesBuildPhase section */

/* Begin XCBuildConfiguration section */
		D18BBD111BAA6FAF00FC041D /* Debug */ = {
			isa = XCBuildConfiguration;
			buildSettings = {
				ALWAYS_SEARCH_USER_PATHS = NO;
				CLANG_ENABLE_MODULES = YES;
				CLANG_ENABLE_OBJC_ARC = YES;
				CLANG_WARN_BOOL_CONVERSION = YES;
				CLANG_WARN_CONSTANT_CONVERSION = YES;
				CLANG_WARN_DIRECT_OBJC_ISA_USAGE = YES_ERROR;
				CLANG_WARN_EMPTY_BODY = YES;
				CLANG_WARN_ENUM_CONVERSION = YES;
				CLANG_WARN_INT_CONVERSION = YES;
				CLANG_WARN_OBJC_ROOT_CLASS = YES_ERROR;
				CLANG_WARN_UNREACHABLE_CODE = YES;
				CLANG_WARN__DUPLICATE_METHOD_MATCH = YES;
				COPY_PHASE_STRIP = NO;
				DEBUG_INFORMATION_FORMAT = dwarf;
				ENABLE_STRICT_OBJC_MSGSEND = YES;
				GCC_C_LANGUAGE_STANDARD = gnu99;
				GCC_DYNAMIC_NO_PIC = NO;
				GCC_NO_COMMON_BLOCKS = YES;
				GCC_OPTIMIZATION_LEVEL = 0;
				GCC_PREPROCESSOR_DEFINITIONS = (
					"DEBUG=1",
					"$(inherited)",
				);
				GCC_SYMBOLS_PRIVATE_EXTERN = NO;
				GCC_VERSION = "";
				GCC_WARN_64_TO_32_BIT_CONVERSION = YES;
				GCC_WARN_ABOUT_RETURN_TYPE = YES_ERROR;
				GCC_WARN_UNDECLARED_SELECTOR = YES;
				GCC_WARN_UNINITIALIZED_AUTOS = YES_AGGRESSIVE;
				GCC_WARN_UNUSED_FUNCTION = YES;
				GCC_WARN_UNUSED_VARIABLE = YES;
				MACOSX_DEPLOYMENT_TARGET = 10.10;
				MTL_ENABLE_DEBUG_INFO = YES;
				ONLY_ACTIVE_ARCH = YES;
				OTHER_CPLUSPLUSFLAGS = (
					"$(OTHER_CFLAGS)",
					"-std=c++14",
				);
				SDKROOT = macosx;
			};
			name = Debug;
		};
		D18BBD121BAA6FAF00FC041D /* Release */ = {
			isa = XCBuildConfiguration;
			buildSettings = {
				ALWAYS_SEARCH_USER_PATHS = NO;
				CLANG_ENABLE_MODULES = YES;
				CLANG_ENABLE_OBJC_ARC = YES;
				CLANG_WARN_BOOL_CONVERSION = YES;
				CLANG_WARN_CONSTANT_CONVERSION = YES;
				CLANG_WARN_DIRECT_OBJC_ISA_USAGE = YES_ERROR;
				CLANG_WARN_EMPTY_BODY = YES;
				CLANG_WARN_ENUM_CONVERSION = YES;
				CLANG_WARN_INT_CONVERSION = YES;
				CLANG_WARN_OBJC_ROOT_CLASS = YES_ERROR;
				CLANG_WARN_UNREACHABLE_CODE = YES;
				CLANG_WARN__DUPLICATE_METHOD_MATCH = YES;
				COPY_PHASE_STRIP = NO;
				DEBUG_INFORMATION_FORMAT = "dwarf-with-dsym";
				ENABLE_NS_ASSERTIONS = NO;
				ENABLE_STRICT_OBJC_MSGSEND = YES;
				GCC_C_LANGUAGE_STANDARD = gnu99;
				GCC_NO_COMMON_BLOCKS = YES;
				GCC_VERSION = "";
				GCC_WARN_64_TO_32_BIT_CONVERSION = YES;
				GCC_WARN_ABOUT_RETURN_TYPE = YES_ERROR;
				GCC_WARN_UNDECLARED_SELECTOR = YES;
				GCC_WARN_UNINITIALIZED_AUTOS = YES_AGGRESSIVE;
				GCC_WARN_UNUSED_FUNCTION = YES;
				GCC_WARN_UNUSED_VARIABLE = YES;
				MACOSX_DEPLOYMENT_TARGET = 10.10;
				MTL_ENABLE_DEBUG_INFO = NO;
				OTHER_CPLUSPLUSFLAGS = (
					"$(OTHER_CFLAGS)",
					"-std=c++14",
				);
				SDKROOT = macosx;
			};
			name = Release;
		};
		D18BBD141BAA6FAF00FC041D /* Debug */ = {
			isa = XCBuildConfiguration;
			buildSettings = {
				GCC_VERSION = 5.2;
				PRODUCT_NAME = "$(TARGET_NAME)";
			};
			name = Debug;
		};
		D18BBD151BAA6FAF00FC041D /* Release */ = {
			isa = XCBuildConfiguration;
			buildSettings = {
				GCC_VERSION = 5.2;
				PRODUCT_NAME = "$(TARGET_NAME)";
			};
			name = Release;
		};
/* End XCBuildConfiguration section */

/* Begin XCConfigurationList section */
		D18BBD071BAA6FAF00FC041D /* Build configuration list for PBXProject "bunnis" */ = {
			isa = XCConfigurationList;
			buildConfigurations = (
				D18BBD111BAA6FAF00FC041D /* Debug */,
				D18BBD121BAA6FAF00FC041D /* Release */,
			);
			defaultConfigurationIsVisible = 0;
			defaultConfigurationName = Release;
		};
		D18BBD131BAA6FAF00FC041D /* Build configuration list for PBXNativeTarget "bunnis" */ = {
			isa = XCConfigurationList;
			buildConfigurations = (
				D18BBD141BAA6FAF00FC041D /* Debug */,
				D18BBD151BAA6FAF00FC041D /* Release */,
			);
			defaultConfigurationIsVisible = 0;
			defaultConfigurationName = Release;
		};
/* End XCConfigurationList section */
	};
	rootObject = D18BBD041BAA6FAF00FC041D /* Project object */;
}
